
Microsoft Visual Studio Solution File, Format Version 12.00
# Visual Studio Version 17
VisualStudioVersion = 17.8.34330.188
MinimumVisualStudioVersion = 10.0.40219.1
Project("{2150E333-8FDC-42A3-9474-1A3956D46DE8}") = "src", "src", "{EE9DE6F7-8302-44D0-96FE-CB3C445622C6}"
EndProject
Project("{2150E333-8FDC-42A3-9474-1A3956D46DE8}") = "Solution Items", "Solution Items", "{A95FD285-E801-48B0-B6C2-BF4B5B32FB6C}"
	ProjectSection(SolutionItems) = preProject
		ServiceUrls.txt = ServiceUrls.txt
	EndProjectSection
EndProject
Project("{2150E333-8FDC-42A3-9474-1A3956D46DE8}") = "ApiGateways", "ApiGateways", "{F3C850C3-D0E5-4F1E-B693-AEAA7B6DB094}"
EndProject
Project("{2150E333-8FDC-42A3-9474-1A3956D46DE8}") = "BuildingBlocks", "BuildingBlocks", "{A9B5C95D-F688-4384-AD4B-D85E8F7D3E43}"
EndProject
Project("{2150E333-8FDC-42A3-9474-1A3956D46DE8}") = "Services", "Services", "{785F5ACB-8D12-4463-94ED-1AD9213A251B}"
EndProject
Project("{2150E333-8FDC-42A3-9474-1A3956D46DE8}") = "Clients", "Clients", "{98BFD4F5-6B73-4B15-8FEF-A76DDC23FE65}"
EndProject
Project("{2150E333-8FDC-42A3-9474-1A3956D46DE8}") = "WebApiGateway", "WebApiGateway", "{A6FD1CB6-C682-4723-8116-0149F1DA5189}"
EndProject
Project("{2150E333-8FDC-42A3-9474-1A3956D46DE8}") = "EventBus", "EventBus", "{64A85834-A5C5-48DA-B562-E25154ADAED2}"
EndProject
Project("{2150E333-8FDC-42A3-9474-1A3956D46DE8}") = "BlazorWebApp", "BlazorWebApp", "{22B8B733-B4CC-481E-BBE1-F6CCDE7A443A}"
EndProject
Project("{2150E333-8FDC-42A3-9474-1A3956D46DE8}") = "BasketService", "BasketService", "{A68AC793-8163-40A4-808E-437F2954F133}"
EndProject
Project("{2150E333-8FDC-42A3-9474-1A3956D46DE8}") = "CatalogService", "CatalogService", "{D9A2CD23-D6D1-4344-90CE-09723C2403AE}"
EndProject
Project("{2150E333-8FDC-42A3-9474-1A3956D46DE8}") = "IdentityService", "IdentityService", "{488C6B54-EBA6-4D05-BF42-FE8D7B057868}"
EndProject
Project("{2150E333-8FDC-42A3-9474-1A3956D46DE8}") = "NotificationService", "NotificationService", "{BB880D7B-2044-4789-8D6C-072874DBE3B9}"
EndProject
Project("{2150E333-8FDC-42A3-9474-1A3956D46DE8}") = "OrderService", "OrderService", "{B86A7ACD-D3D1-4E56-A599-572CBECB67F8}"
EndProject
Project("{2150E333-8FDC-42A3-9474-1A3956D46DE8}") = "PaymentService", "PaymentService", "{5E367AE3-78B7-47A2-91C7-19772EF014C2}"
EndProject
Global
	GlobalSection(SolutionProperties) = preSolution
		HideSolutionNode = FALSE
	EndGlobalSection
	GlobalSection(NestedProjects) = preSolution
		{F3C850C3-D0E5-4F1E-B693-AEAA7B6DB094} = {EE9DE6F7-8302-44D0-96FE-CB3C445622C6}
		{A9B5C95D-F688-4384-AD4B-D85E8F7D3E43} = {EE9DE6F7-8302-44D0-96FE-CB3C445622C6}
		{785F5ACB-8D12-4463-94ED-1AD9213A251B} = {EE9DE6F7-8302-44D0-96FE-CB3C445622C6}
		{98BFD4F5-6B73-4B15-8FEF-A76DDC23FE65} = {EE9DE6F7-8302-44D0-96FE-CB3C445622C6}
		{A6FD1CB6-C682-4723-8116-0149F1DA5189} = {F3C850C3-D0E5-4F1E-B693-AEAA7B6DB094}
		{64A85834-A5C5-48DA-B562-E25154ADAED2} = {A9B5C95D-F688-4384-AD4B-D85E8F7D3E43}
		{22B8B733-B4CC-481E-BBE1-F6CCDE7A443A} = {98BFD4F5-6B73-4B15-8FEF-A76DDC23FE65}
		{A68AC793-8163-40A4-808E-437F2954F133} = {785F5ACB-8D12-4463-94ED-1AD9213A251B}
		{D9A2CD23-D6D1-4344-90CE-09723C2403AE} = {785F5ACB-8D12-4463-94ED-1AD9213A251B}
		{488C6B54-EBA6-4D05-BF42-FE8D7B057868} = {785F5ACB-8D12-4463-94ED-1AD9213A251B}
		{BB880D7B-2044-4789-8D6C-072874DBE3B9} = {785F5ACB-8D12-4463-94ED-1AD9213A251B}
		{B86A7ACD-D3D1-4E56-A599-572CBECB67F8} = {785F5ACB-8D12-4463-94ED-1AD9213A251B}
		{5E367AE3-78B7-47A2-91C7-19772EF014C2} = {785F5ACB-8D12-4463-94ED-1AD9213A251B}
	EndGlobalSection
	GlobalSection(ExtensibilityGlobals) = postSolution
		SolutionGuid = {74563BD3-54C3-4719-9803-EDD27702A0E2}
	EndGlobalSection
EndGlobal
